{
  "version": 4,
  "terraform_version": "1.5.7",
  "serial": 160,
  "lineage": "0ef487c6-2437-0488-80dc-5ab93b5032e9",
  "outputs": {
    "custom_domain_index": {
      "value": "https://spiski.live",
      "type": "string"
    },
    "custom_domain_query": {
      "value": "https://spiski.live/q",
      "type": "string"
    },
    "name_servers": {
      "value": [
        "ns-1389.awsdns-45.org",
        "ns-1761.awsdns-28.co.uk",
        "ns-264.awsdns-33.com",
        "ns-663.awsdns-18.net"
      ],
      "type": [
        "list",
        "string"
      ]
    },
    "native_base_url": {
      "value": "https://0fotcvr41e.execute-api.eu-central-1.amazonaws.com/dev",
      "type": "string"
    }
  },
  "resources": [
    {
      "mode": "data",
      "type": "archive_file",
      "name": "lambda_spiski_payload",
      "provider": "provider[\"registry.terraform.io/hashicorp/archive\"]",
      "instances": [
        {
          "schema_version": 0,
          "attributes": {
            "exclude_symlink_directories": null,
            "excludes": null,
            "id": "0f94ee95ea50f04d8672ab1d1ff023b45d58a1d9",
            "output_base64sha256": "2rm5jBZVXCux10sbxjPBVCx8geNKtdiv1n+YJ6wMjxQ=",
            "output_base64sha512": "4JUGIPcg77cmhXHOiuI60Cmwm6sEMnRCLDinAydW6C1BiVHagRzetXDIx3gl1umQ0chaGbo0PRNZAmbt/MPWvg==",
            "output_file_mode": null,
            "output_md5": "91eef004160f2a705f06d5986f9d9ee4",
            "output_path": "./delivery/lambda_spiski_payload.zip",
            "output_sha": "0f94ee95ea50f04d8672ab1d1ff023b45d58a1d9",
            "output_sha256": "dab9b98c16555c2bb1d74b1bc633c1542c7c81e34ab5d8afd67f9827ac0c8f14",
            "output_sha512": "e0950620f720efb7268571ce8ae23ad029b09bab043274422c38a7032756e82d418951da811cdeb570c8c77825d6e990d1c85a19ba343d13590266edfcc3d6be",
            "output_size": 18390486,
            "source": [],
            "source_content": null,
            "source_content_filename": null,
            "source_dir": "./delivery/lambda_spiski",
            "source_file": null,
            "type": "zip"
          },
          "sensitive_attributes": []
        }
      ]
    },
    {
      "mode": "data",
      "type": "archive_file",
      "name": "lambda_worker_payload",
      "provider": "provider[\"registry.terraform.io/hashicorp/archive\"]",
      "instances": [
        {
          "schema_version": 0,
          "attributes": {
            "exclude_symlink_directories": null,
            "excludes": null,
            "id": "18b738a5ec6194cdb73e654855573f9a4a5ff5cf",
            "output_base64sha256": "6VkjiVF7TobDy7ksJJyoardRUpZ3BZ44QBLLn9GRZO8=",
            "output_base64sha512": "susv9fnMslPCOb5U888ux8eun4YNRF5b0U7PdNZDiTaEONYFubWbUcnSKla1ZbQEB3Ek4PPh6Eq4HV8YRBWiKw==",
            "output_file_mode": null,
            "output_md5": "3c1d0a38a07adfaeeef8cd0624268bf9",
            "output_path": "./delivery/lambda_worker_payload.zip",
            "output_sha": "18b738a5ec6194cdb73e654855573f9a4a5ff5cf",
            "output_sha256": "e9592389517b4e86c3cbb92c249ca86ab751529677059e384012cb9fd19164ef",
            "output_sha512": "b2eb2ff5f9ccb253c239be54f3cf2ec7c7ae9f860d445e5bd14ecf74d64389368438d605b9b59b51c9d22a56b565b404077124e0f3e1e84ab81d5f184415a22b",
            "output_size": 2678,
            "source": [],
            "source_content": null,
            "source_content_filename": null,
            "source_dir": "./lambda_worker",
            "source_file": null,
            "type": "zip"
          },
          "sensitive_attributes": []
        }
      ]
    },
    {
      "mode": "managed",
      "type": "aws_acm_certificate",
      "name": "spiski",
      "provider": "provider[\"registry.terraform.io/hashicorp/aws\"]",
      "instances": [
        {
          "schema_version": 0,
          "attributes": {
            "arn": "arn:aws:acm:eu-central-1:446018396987:certificate/ce0fdb84-4fc1-45e5-9b36-b50085543bb2",
            "certificate_authority_arn": "",
            "certificate_body": null,
            "certificate_chain": null,
            "domain_name": "spiski.live",
            "domain_validation_options": [
              {
                "domain_name": "spiski.live",
                "resource_record_name": "_5c1223361db875750d6fa0c0ad950440.spiski.live.",
                "resource_record_type": "CNAME",
                "resource_record_value": "_348a3d9b2b9fd82d2cad06328aba82db.xlxkwfmcvh.acm-validations.aws."
              }
            ],
            "early_renewal_duration": "",
            "id": "arn:aws:acm:eu-central-1:446018396987:certificate/ce0fdb84-4fc1-45e5-9b36-b50085543bb2",
            "key_algorithm": "RSA_2048",
            "not_after": "2024-11-01T23:59:59Z",
            "not_before": "2023-10-04T00:00:00Z",
            "options": [
              {
                "certificate_transparency_logging_preference": "ENABLED"
              }
            ],
            "pending_renewal": false,
            "private_key": null,
            "renewal_eligibility": "ELIGIBLE",
            "renewal_summary": [],
            "status": "ISSUED",
            "subject_alternative_names": [
              "spiski.live"
            ],
            "tags": {},
            "tags_all": {},
            "type": "AMAZON_ISSUED",
            "validation_emails": [],
            "validation_method": "DNS",
            "validation_option": []
          },
          "sensitive_attributes": [],
          "private": "bnVsbA=="
        }
      ]
    },
    {
      "mode": "managed",
      "type": "aws_acm_certificate_validation",
      "name": "spiski",
      "provider": "provider[\"registry.terraform.io/hashicorp/aws\"]",
      "instances": [
        {
          "schema_version": 0,
          "attributes": {
            "certificate_arn": "arn:aws:acm:eu-central-1:446018396987:certificate/ce0fdb84-4fc1-45e5-9b36-b50085543bb2",
            "id": "2023-10-04 10:34:19.056 +0000 UTC",
            "timeouts": null,
            "validation_record_fqdns": [
              "_5c1223361db875750d6fa0c0ad950440.spiski.live"
            ]
          },
          "sensitive_attributes": [],
          "private": "eyJlMmJmYjczMC1lY2FhLTExZTYtOGY4OC0zNDM2M2JjN2M0YzAiOnsiY3JlYXRlIjo0NTAwMDAwMDAwMDAwfX0=",
          "dependencies": [
            "aws_acm_certificate.spiski",
            "aws_route53_record.spiski",
            "aws_route53_zone.spiski"
          ]
        }
      ]
    },
    {
      "mode": "managed",
      "type": "aws_apigatewayv2_api",
      "name": "main",
      "provider": "provider[\"registry.terraform.io/hashicorp/aws\"]",
      "instances": [
        {
          "schema_version": 0,
          "attributes": {
            "api_endpoint": "https://0fotcvr41e.execute-api.eu-central-1.amazonaws.com",
            "api_key_selection_expression": "$request.header.x-api-key",
            "arn": "arn:aws:apigateway:eu-central-1::/apis/0fotcvr41e",
            "body": null,
            "cors_configuration": [],
            "credentials_arn": null,
            "description": "",
            "disable_execute_api_endpoint": false,
            "execution_arn": "arn:aws:execute-api:eu-central-1:446018396987:0fotcvr41e",
            "fail_on_warnings": null,
            "id": "0fotcvr41e",
            "name": "main",
            "protocol_type": "HTTP",
            "route_key": null,
            "route_selection_expression": "$request.method $request.path",
            "tags": {},
            "tags_all": {},
            "target": null,
            "version": ""
          },
          "sensitive_attributes": [],
          "private": "bnVsbA=="
        }
      ]
    },
    {
      "mode": "managed",
      "type": "aws_apigatewayv2_api_mapping",
      "name": "query",
      "provider": "provider[\"registry.terraform.io/hashicorp/aws\"]",
      "instances": [
        {
          "schema_version": 0,
          "attributes": {
            "api_id": "0fotcvr41e",
            "api_mapping_key": "q",
            "domain_name": "spiski.live",
            "id": "km4ubc",
            "stage": "dev"
          },
          "sensitive_attributes": [],
          "private": "bnVsbA==",
          "dependencies": [
            "aws_acm_certificate.spiski",
            "aws_acm_certificate_validation.spiski",
            "aws_apigatewayv2_api.main",
            "aws_apigatewayv2_domain_name.spiski",
            "aws_apigatewayv2_stage.dev",
            "aws_route53_record.spiski",
            "aws_route53_zone.spiski"
          ]
        }
      ]
    },
    {
      "mode": "managed",
      "type": "aws_apigatewayv2_api_mapping",
      "name": "spiski",
      "provider": "provider[\"registry.terraform.io/hashicorp/aws\"]",
      "instances": [
        {
          "schema_version": 0,
          "attributes": {
            "api_id": "0fotcvr41e",
            "api_mapping_key": "",
            "domain_name": "spiski.live",
            "id": "wiq5j4",
            "stage": "dev"
          },
          "sensitive_attributes": [],
          "private": "bnVsbA==",
          "dependencies": [
            "aws_acm_certificate.spiski",
            "aws_acm_certificate_validation.spiski",
            "aws_apigatewayv2_api.main",
            "aws_apigatewayv2_domain_name.spiski",
            "aws_apigatewayv2_stage.dev",
            "aws_route53_record.spiski",
            "aws_route53_zone.spiski"
          ]
        }
      ]
    },
    {
      "mode": "managed",
      "type": "aws_apigatewayv2_domain_name",
      "name": "spiski",
      "provider": "provider[\"registry.terraform.io/hashicorp/aws\"]",
      "instances": [
        {
          "schema_version": 0,
          "attributes": {
            "api_mapping_selection_expression": "$request.basepath",
            "arn": "arn:aws:apigateway:eu-central-1::/domainnames/spiski.live",
            "domain_name": "spiski.live",
            "domain_name_configuration": [
              {
                "certificate_arn": "arn:aws:acm:eu-central-1:446018396987:certificate/ce0fdb84-4fc1-45e5-9b36-b50085543bb2",
                "endpoint_type": "REGIONAL",
                "hosted_zone_id": "Z1U9ULNL0V5AJ3",
                "ownership_verification_certificate_arn": "",
                "security_policy": "TLS_1_2",
                "target_domain_name": "d-2w1ca0eqc4.execute-api.eu-central-1.amazonaws.com"
              }
            ],
            "id": "spiski.live",
            "mutual_tls_authentication": [],
            "tags": {},
            "tags_all": {},
            "timeouts": null
          },
          "sensitive_attributes": [],
          "private": "eyJlMmJmYjczMC1lY2FhLTExZTYtOGY4OC0zNDM2M2JjN2M0YzAiOnsiY3JlYXRlIjo2MDAwMDAwMDAwMDAsInVwZGF0ZSI6MzYwMDAwMDAwMDAwMH19",
          "dependencies": [
            "aws_acm_certificate.spiski",
            "aws_acm_certificate_validation.spiski",
            "aws_route53_record.spiski",
            "aws_route53_zone.spiski"
          ]
        }
      ]
    },
    {
      "mode": "managed",
      "type": "aws_apigatewayv2_integration",
      "name": "spiski",
      "provider": "provider[\"registry.terraform.io/hashicorp/aws\"]",
      "instances": [
        {
          "schema_version": 0,
          "attributes": {
            "api_id": "0fotcvr41e",
            "connection_id": "",
            "connection_type": "INTERNET",
            "content_handling_strategy": "",
            "credentials_arn": "",
            "description": "",
            "id": "r1ts1km",
            "integration_method": "POST",
            "integration_response_selection_expression": "",
            "integration_subtype": "",
            "integration_type": "AWS_PROXY",
            "integration_uri": "arn:aws:apigateway:eu-central-1:lambda:path/2015-03-31/functions/arn:aws:lambda:eu-central-1:446018396987:function:spiski/invocations",
            "passthrough_behavior": "",
            "payload_format_version": "1.0",
            "request_parameters": {},
            "request_templates": {},
            "response_parameters": [],
            "template_selection_expression": "",
            "timeout_milliseconds": 30000,
            "tls_config": []
          },
          "sensitive_attributes": [],
          "private": "bnVsbA==",
          "dependencies": [
            "aws_apigatewayv2_api.main",
            "aws_iam_role.spiski_role",
            "aws_lambda_function.spiski_lambda",
            "aws_s3_bucket.spiski_bucket",
            "data.archive_file.lambda_spiski_payload",
            "null_resource.shell"
          ]
        }
      ]
    },
    {
      "mode": "managed",
      "type": "aws_apigatewayv2_route",
      "name": "get_index",
      "provider": "provider[\"registry.terraform.io/hashicorp/aws\"]",
      "instances": [
        {
          "schema_version": 0,
          "attributes": {
            "api_id": "0fotcvr41e",
            "api_key_required": false,
            "authorization_scopes": [],
            "authorization_type": "NONE",
            "authorizer_id": "",
            "id": "zy6wo64",
            "model_selection_expression": "",
            "operation_name": "",
            "request_models": {},
            "request_parameter": [],
            "route_key": "GET /",
            "route_response_selection_expression": "",
            "target": "integrations/r1ts1km"
          },
          "sensitive_attributes": [],
          "private": "bnVsbA==",
          "dependencies": [
            "aws_apigatewayv2_api.main",
            "aws_apigatewayv2_integration.spiski",
            "aws_iam_role.spiski_role",
            "aws_lambda_function.spiski_lambda",
            "aws_s3_bucket.spiski_bucket",
            "data.archive_file.lambda_spiski_payload",
            "null_resource.shell"
          ]
        }
      ]
    },
    {
      "mode": "managed",
      "type": "aws_apigatewayv2_route",
      "name": "get_query",
      "provider": "provider[\"registry.terraform.io/hashicorp/aws\"]",
      "instances": [
        {
          "schema_version": 0,
          "attributes": {
            "api_id": "0fotcvr41e",
            "api_key_required": false,
            "authorization_scopes": [],
            "authorization_type": "NONE",
            "authorizer_id": "",
            "id": "ys2ipoe",
            "model_selection_expression": "",
            "operation_name": "",
            "request_models": {},
            "request_parameter": [],
            "route_key": "GET /q",
            "route_response_selection_expression": "",
            "target": "integrations/r1ts1km"
          },
          "sensitive_attributes": [],
          "private": "bnVsbA==",
          "dependencies": [
            "aws_apigatewayv2_api.main",
            "aws_apigatewayv2_integration.spiski",
            "aws_iam_role.spiski_role",
            "aws_lambda_function.spiski_lambda",
            "aws_s3_bucket.spiski_bucket",
            "data.archive_file.lambda_spiski_payload",
            "null_resource.shell"
          ]
        }
      ]
    },
    {
      "mode": "managed",
      "type": "aws_apigatewayv2_stage",
      "name": "dev",
      "provider": "provider[\"registry.terraform.io/hashicorp/aws\"]",
      "instances": [
        {
          "schema_version": 0,
          "attributes": {
            "access_log_settings": [],
            "api_id": "0fotcvr41e",
            "arn": "arn:aws:apigateway:eu-central-1::/apis/0fotcvr41e/stages/dev",
            "auto_deploy": true,
            "client_certificate_id": "",
            "default_route_settings": [
              {
                "data_trace_enabled": false,
                "detailed_metrics_enabled": false,
                "logging_level": "",
                "throttling_burst_limit": 0,
                "throttling_rate_limit": 0
              }
            ],
            "deployment_id": "fkh6h9",
            "description": "",
            "execution_arn": "arn:aws:execute-api:eu-central-1:446018396987:0fotcvr41e/dev",
            "id": "dev",
            "invoke_url": "https://0fotcvr41e.execute-api.eu-central-1.amazonaws.com/dev",
            "name": "dev",
            "route_settings": [],
            "stage_variables": {},
            "tags": {},
            "tags_all": {}
          },
          "sensitive_attributes": [],
          "private": "bnVsbA==",
          "dependencies": [
            "aws_apigatewayv2_api.main"
          ]
        }
      ]
    },
    {
      "mode": "managed",
      "type": "aws_cloudwatch_event_rule",
      "name": "every_five_minutes",
      "provider": "provider[\"registry.terraform.io/hashicorp/aws\"]",
      "instances": [
        {
          "schema_version": 0,
          "attributes": {
            "arn": "arn:aws:events:eu-central-1:446018396987:rule/every-five-minutes",
            "description": "Fires every five minutes",
            "event_bus_name": "default",
            "event_pattern": null,
            "id": "every-five-minutes",
            "is_enabled": true,
            "name": "every-five-minutes",
            "name_prefix": "",
            "role_arn": "",
            "schedule_expression": "rate(1 hour)",
            "tags": {},
            "tags_all": {}
          },
          "sensitive_attributes": [],
          "private": "bnVsbA=="
        }
      ]
    },
    {
      "mode": "managed",
      "type": "aws_cloudwatch_event_target",
      "name": "check_db_every_five_minutes",
      "provider": "provider[\"registry.terraform.io/hashicorp/aws\"]",
      "instances": [
        {
          "schema_version": 1,
          "attributes": {
            "arn": "arn:aws:lambda:eu-central-1:446018396987:function:worker",
            "batch_target": [],
            "dead_letter_config": [],
            "ecs_target": [],
            "event_bus_name": "default",
            "http_target": [],
            "id": "every-five-minutes-worker_lambda",
            "input": "",
            "input_path": "",
            "input_transformer": [],
            "kinesis_target": [],
            "redshift_target": [],
            "retry_policy": [],
            "role_arn": "",
            "rule": "every-five-minutes",
            "run_command_targets": [],
            "sagemaker_pipeline_target": [],
            "sqs_target": [],
            "target_id": "worker_lambda"
          },
          "sensitive_attributes": [],
          "private": "eyJzY2hlbWFfdmVyc2lvbiI6IjEifQ==",
          "dependencies": [
            "aws_cloudwatch_event_rule.every_five_minutes",
            "aws_iam_role.spiski_role",
            "aws_lambda_function.worker_lambda",
            "aws_s3_bucket.spiski_bucket",
            "data.archive_file.lambda_worker_payload"
          ]
        }
      ]
    },
    {
      "mode": "managed",
      "type": "aws_iam_policy_attachment",
      "name": "s3_access",
      "provider": "provider[\"registry.terraform.io/hashicorp/aws\"]",
      "instances": [
        {
          "schema_version": 0,
          "attributes": {
            "groups": [],
            "id": "s3_access_attachment",
            "name": "s3_access_attachment",
            "policy_arn": "arn:aws:iam::aws:policy/AmazonS3FullAccess",
            "roles": [
              "spiski_role"
            ],
            "users": []
          },
          "sensitive_attributes": [],
          "private": "bnVsbA==",
          "dependencies": [
            "aws_iam_role.spiski_role"
          ]
        }
      ]
    },
    {
      "mode": "managed",
      "type": "aws_iam_role",
      "name": "spiski_role",
      "provider": "provider[\"registry.terraform.io/hashicorp/aws\"]",
      "instances": [
        {
          "schema_version": 0,
          "attributes": {
            "arn": "arn:aws:iam::446018396987:role/spiski_role",
            "assume_role_policy": "{\"Statement\":[{\"Action\":\"sts:AssumeRole\",\"Effect\":\"Allow\",\"Principal\":{\"Service\":\"lambda.amazonaws.com\"}}],\"Version\":\"2008-10-17\"}",
            "create_date": "2023-10-03T16:04:47Z",
            "description": "",
            "force_detach_policies": false,
            "id": "spiski_role",
            "inline_policy": [],
            "managed_policy_arns": [
              "arn:aws:iam::aws:policy/AmazonS3FullAccess"
            ],
            "max_session_duration": 3600,
            "name": "spiski_role",
            "name_prefix": "",
            "path": "/",
            "permissions_boundary": null,
            "tags": {},
            "tags_all": {},
            "unique_id": "AROAWPWGEUM53AG4AMHMK"
          },
          "sensitive_attributes": [],
          "private": "bnVsbA=="
        }
      ]
    },
    {
      "mode": "managed",
      "type": "aws_lambda_function",
      "name": "spiski_lambda",
      "provider": "provider[\"registry.terraform.io/hashicorp/aws\"]",
      "instances": [
        {
          "schema_version": 0,
          "attributes": {
            "architectures": [
              "x86_64"
            ],
            "arn": "arn:aws:lambda:eu-central-1:446018396987:function:spiski",
            "code_signing_config_arn": "",
            "dead_letter_config": [],
            "description": "",
            "environment": [
              {
                "variables": {
                  "BUCKET_NAME": "spiski-bucket",
                  "JSON_FILE_KEY": "db.json"
                }
              }
            ],
            "ephemeral_storage": [
              {
                "size": 512
              }
            ],
            "file_system_config": [],
            "filename": "./delivery/lambda_spiski_payload.zip",
            "function_name": "spiski",
            "handler": "spiski.lambda_handler",
            "id": "spiski",
            "image_config": [],
            "image_uri": "",
            "invoke_arn": "arn:aws:apigateway:eu-central-1:lambda:path/2015-03-31/functions/arn:aws:lambda:eu-central-1:446018396987:function:spiski/invocations",
            "kms_key_arn": "",
            "last_modified": "2023-10-08T17:41:26.000+0000",
            "layers": [],
            "memory_size": 512,
            "package_type": "Zip",
            "publish": false,
            "qualified_arn": "arn:aws:lambda:eu-central-1:446018396987:function:spiski:$LATEST",
            "qualified_invoke_arn": "arn:aws:apigateway:eu-central-1:lambda:path/2015-03-31/functions/arn:aws:lambda:eu-central-1:446018396987:function:spiski:$LATEST/invocations",
            "replace_security_groups_on_destroy": null,
            "replacement_security_group_ids": null,
            "reserved_concurrent_executions": -1,
            "role": "arn:aws:iam::446018396987:role/spiski_role",
            "runtime": "python3.11",
            "s3_bucket": null,
            "s3_key": null,
            "s3_object_version": null,
            "signing_job_arn": "",
            "signing_profile_version_arn": "",
            "skip_destroy": false,
            "snap_start": [],
            "source_code_hash": "2rm5jBZVXCux10sbxjPBVCx8geNKtdiv1n+YJ6wMjxQ=",
            "source_code_size": 18390486,
            "tags": {},
            "tags_all": {},
            "timeout": 90,
            "timeouts": null,
            "tracing_config": [
              {
                "mode": "PassThrough"
              }
            ],
            "version": "$LATEST",
            "vpc_config": []
          },
          "sensitive_attributes": [],
          "private": "eyJlMmJmYjczMC1lY2FhLTExZTYtOGY4OC0zNDM2M2JjN2M0YzAiOnsiY3JlYXRlIjo2MDAwMDAwMDAwMDAsImRlbGV0ZSI6NjAwMDAwMDAwMDAwLCJ1cGRhdGUiOjYwMDAwMDAwMDAwMH19",
          "dependencies": [
            "aws_iam_role.spiski_role",
            "aws_s3_bucket.spiski_bucket",
            "data.archive_file.lambda_spiski_payload",
            "null_resource.shell"
          ]
        }
      ]
    },
    {
      "mode": "managed",
      "type": "aws_lambda_function",
      "name": "worker_lambda",
      "provider": "provider[\"registry.terraform.io/hashicorp/aws\"]",
      "instances": [
        {
          "schema_version": 0,
          "attributes": {
            "architectures": [
              "x86_64"
            ],
            "arn": "arn:aws:lambda:eu-central-1:446018396987:function:worker",
            "code_signing_config_arn": "",
            "dead_letter_config": [],
            "description": "",
            "environment": [
              {
                "variables": {
                  "BUCKET_NAME": "spiski-bucket",
                  "JSON_FILE_KEY": "db.json"
                }
              }
            ],
            "ephemeral_storage": [
              {
                "size": 512
              }
            ],
            "file_system_config": [],
            "filename": "./delivery/lambda_worker_payload.zip",
            "function_name": "worker",
            "handler": "worker.lambda_handler",
            "id": "worker",
            "image_config": [],
            "image_uri": "",
            "invoke_arn": "arn:aws:apigateway:eu-central-1:lambda:path/2015-03-31/functions/arn:aws:lambda:eu-central-1:446018396987:function:worker/invocations",
            "kms_key_arn": "",
            "last_modified": "2023-10-08T15:42:57.000+0000",
            "layers": [],
            "memory_size": 512,
            "package_type": "Zip",
            "publish": false,
            "qualified_arn": "arn:aws:lambda:eu-central-1:446018396987:function:worker:$LATEST",
            "qualified_invoke_arn": "arn:aws:apigateway:eu-central-1:lambda:path/2015-03-31/functions/arn:aws:lambda:eu-central-1:446018396987:function:worker:$LATEST/invocations",
            "replace_security_groups_on_destroy": null,
            "replacement_security_group_ids": null,
            "reserved_concurrent_executions": -1,
            "role": "arn:aws:iam::446018396987:role/spiski_role",
            "runtime": "python3.11",
            "s3_bucket": null,
            "s3_key": null,
            "s3_object_version": null,
            "signing_job_arn": "",
            "signing_profile_version_arn": "",
            "skip_destroy": false,
            "snap_start": [],
            "source_code_hash": "6VkjiVF7TobDy7ksJJyoardRUpZ3BZ44QBLLn9GRZO8=",
            "source_code_size": 2678,
            "tags": {},
            "tags_all": {},
            "timeout": 90,
            "timeouts": null,
            "tracing_config": [
              {
                "mode": "PassThrough"
              }
            ],
            "version": "$LATEST",
            "vpc_config": []
          },
          "sensitive_attributes": [],
          "private": "eyJlMmJmYjczMC1lY2FhLTExZTYtOGY4OC0zNDM2M2JjN2M0YzAiOnsiY3JlYXRlIjo2MDAwMDAwMDAwMDAsImRlbGV0ZSI6NjAwMDAwMDAwMDAwLCJ1cGRhdGUiOjYwMDAwMDAwMDAwMH19",
          "dependencies": [
            "aws_iam_role.spiski_role",
            "aws_s3_bucket.spiski_bucket",
            "data.archive_file.lambda_worker_payload"
          ]
        }
      ]
    },
    {
      "mode": "managed",
      "type": "aws_lambda_permission",
      "name": "allow_cloudwatch_to_call_worker",
      "provider": "provider[\"registry.terraform.io/hashicorp/aws\"]",
      "instances": [
        {
          "schema_version": 0,
          "attributes": {
            "action": "lambda:InvokeFunction",
            "event_source_token": null,
            "function_name": "worker",
            "function_url_auth_type": null,
            "id": "AllowExecutionFromCloudWatch",
            "principal": "events.amazonaws.com",
            "principal_org_id": null,
            "qualifier": "",
            "source_account": null,
            "source_arn": "arn:aws:events:eu-central-1:446018396987:rule/every-five-minutes",
            "statement_id": "AllowExecutionFromCloudWatch",
            "statement_id_prefix": ""
          },
          "sensitive_attributes": [],
          "private": "bnVsbA==",
          "dependencies": [
            "aws_cloudwatch_event_rule.every_five_minutes",
            "aws_iam_role.spiski_role",
            "aws_lambda_function.worker_lambda",
            "aws_s3_bucket.spiski_bucket",
            "data.archive_file.lambda_worker_payload"
          ]
        }
      ]
    },
    {
      "mode": "managed",
      "type": "aws_lambda_permission",
      "name": "api_gw",
      "provider": "provider[\"registry.terraform.io/hashicorp/aws\"]",
      "instances": [
        {
          "schema_version": 0,
          "attributes": {
            "action": "lambda:InvokeFunction",
            "event_source_token": null,
            "function_name": "spiski",
            "function_url_auth_type": null,
            "id": "AllowExecutionFromAPIGateway",
            "principal": "apigateway.amazonaws.com",
            "principal_org_id": null,
            "qualifier": "",
            "source_account": null,
            "source_arn": "arn:aws:execute-api:eu-central-1:446018396987:0fotcvr41e/*/*",
            "statement_id": "AllowExecutionFromAPIGateway",
            "statement_id_prefix": ""
          },
          "sensitive_attributes": [],
          "private": "bnVsbA==",
          "dependencies": [
            "aws_apigatewayv2_api.main",
            "aws_iam_role.spiski_role",
            "aws_lambda_function.spiski_lambda",
            "aws_s3_bucket.spiski_bucket",
            "data.archive_file.lambda_spiski_payload",
            "null_resource.shell"
          ]
        }
      ]
    },
    {
      "mode": "managed",
      "type": "aws_route53_record",
      "name": "main",
      "provider": "provider[\"registry.terraform.io/hashicorp/aws\"]",
      "instances": [
        {
          "schema_version": 2,
          "attributes": {
            "alias": [
              {
                "evaluate_target_health": false,
                "name": "d-2w1ca0eqc4.execute-api.eu-central-1.amazonaws.com",
                "zone_id": "Z1U9ULNL0V5AJ3"
              }
            ],
            "allow_overwrite": null,
            "cidr_routing_policy": [],
            "failover_routing_policy": [],
            "fqdn": "spiski.live",
            "geolocation_routing_policy": [],
            "health_check_id": "",
            "id": "Z09929421K5BRSQQ8J8J8_spiski.live_A",
            "latency_routing_policy": [],
            "multivalue_answer_routing_policy": false,
            "name": "spiski.live",
            "records": [],
            "set_identifier": "",
            "ttl": 0,
            "type": "A",
            "weighted_routing_policy": [],
            "zone_id": "Z09929421K5BRSQQ8J8J8"
          },
          "sensitive_attributes": [],
          "private": "eyJzY2hlbWFfdmVyc2lvbiI6IjIifQ==",
          "dependencies": [
            "aws_acm_certificate.spiski",
            "aws_acm_certificate_validation.spiski",
            "aws_apigatewayv2_domain_name.spiski",
            "aws_route53_record.spiski",
            "aws_route53_zone.spiski"
          ]
        }
      ]
    },
    {
      "mode": "managed",
      "type": "aws_route53_record",
      "name": "spiski",
      "provider": "provider[\"registry.terraform.io/hashicorp/aws\"]",
      "instances": [
        {
          "index_key": "spiski.live",
          "schema_version": 2,
          "attributes": {
            "alias": [],
            "allow_overwrite": true,
            "cidr_routing_policy": [],
            "failover_routing_policy": [],
            "fqdn": "_5c1223361db875750d6fa0c0ad950440.spiski.live",
            "geolocation_routing_policy": [],
            "health_check_id": "",
            "id": "Z09929421K5BRSQQ8J8J8__5c1223361db875750d6fa0c0ad950440.spiski.live._CNAME",
            "latency_routing_policy": [],
            "multivalue_answer_routing_policy": false,
            "name": "_5c1223361db875750d6fa0c0ad950440.spiski.live",
            "records": [
              "_348a3d9b2b9fd82d2cad06328aba82db.xlxkwfmcvh.acm-validations.aws."
            ],
            "set_identifier": "",
            "ttl": 60,
            "type": "CNAME",
            "weighted_routing_policy": [],
            "zone_id": "Z09929421K5BRSQQ8J8J8"
          },
          "sensitive_attributes": [],
          "private": "eyJzY2hlbWFfdmVyc2lvbiI6IjIifQ==",
          "dependencies": [
            "aws_acm_certificate.spiski",
            "aws_route53_zone.spiski"
          ]
        }
      ]
    },
    {
      "mode": "managed",
      "type": "aws_route53_record",
      "name": "www",
      "provider": "provider[\"registry.terraform.io/hashicorp/aws\"]",
      "instances": [
        {
          "schema_version": 2,
          "attributes": {
            "alias": [],
            "allow_overwrite": null,
            "cidr_routing_policy": [],
            "failover_routing_policy": [],
            "fqdn": "www.spiski.live",
            "geolocation_routing_policy": [],
            "health_check_id": "",
            "id": "Z09929421K5BRSQQ8J8J8_www_CNAME",
            "latency_routing_policy": [],
            "multivalue_answer_routing_policy": false,
            "name": "www",
            "records": [
              "spiski.live"
            ],
            "set_identifier": "",
            "ttl": 600,
            "type": "CNAME",
            "weighted_routing_policy": [],
            "zone_id": "Z09929421K5BRSQQ8J8J8"
          },
          "sensitive_attributes": [],
          "private": "eyJzY2hlbWFfdmVyc2lvbiI6IjIifQ==",
          "dependencies": [
            "aws_acm_certificate.spiski",
            "aws_acm_certificate_validation.spiski",
            "aws_apigatewayv2_domain_name.spiski",
            "aws_route53_record.spiski",
            "aws_route53_zone.spiski"
          ]
        }
      ]
    },
    {
      "mode": "managed",
      "type": "aws_route53_zone",
      "name": "spiski",
      "provider": "provider[\"registry.terraform.io/hashicorp/aws\"]",
      "instances": [
        {
          "schema_version": 0,
          "attributes": {
            "arn": "arn:aws:route53:::hostedzone/Z09929421K5BRSQQ8J8J8",
            "comment": "Managed by Terraform",
            "delegation_set_id": "",
            "force_destroy": false,
            "id": "Z09929421K5BRSQQ8J8J8",
            "name": "spiski.live",
            "name_servers": [
              "ns-1389.awsdns-45.org",
              "ns-1761.awsdns-28.co.uk",
              "ns-264.awsdns-33.com",
              "ns-663.awsdns-18.net"
            ],
            "primary_name_server": "ns-1761.awsdns-28.co.uk",
            "tags": {},
            "tags_all": {},
            "vpc": [],
            "zone_id": "Z09929421K5BRSQQ8J8J8"
          },
          "sensitive_attributes": [],
          "private": "bnVsbA=="
        }
      ]
    },
    {
      "mode": "managed",
      "type": "aws_s3_bucket",
      "name": "spiski_bucket",
      "provider": "provider[\"registry.terraform.io/hashicorp/aws\"]",
      "instances": [
        {
          "schema_version": 0,
          "attributes": {
            "acceleration_status": "",
            "acl": null,
            "arn": "arn:aws:s3:::spiski-bucket",
            "bucket": "spiski-bucket",
            "bucket_domain_name": "spiski-bucket.s3.amazonaws.com",
            "bucket_prefix": "",
            "bucket_regional_domain_name": "spiski-bucket.s3.eu-central-1.amazonaws.com",
            "cors_rule": [],
            "force_destroy": true,
            "grant": [
              {
                "id": "daad328ff419a52b647a1e1374c5b7c7c72893f70a559e3fee8f14d05c4080ab",
                "permissions": [
                  "FULL_CONTROL"
                ],
                "type": "CanonicalUser",
                "uri": ""
              }
            ],
            "hosted_zone_id": "Z21DNDUVLTQW6Q",
            "id": "spiski-bucket",
            "lifecycle_rule": [],
            "logging": [],
            "object_lock_configuration": [],
            "object_lock_enabled": false,
            "policy": "{\"Statement\":[{\"Action\":\"s3:*\",\"Effect\":\"Allow\",\"Principal\":{\"Service\":\"lambda.amazonaws.com\"},\"Resource\":[\"arn:aws:s3:::spiski-bucket\",\"arn:aws:s3:::spiski-bucket/*\"],\"Sid\":\"AllowAccessToSpiskiBucket\"}],\"Version\":\"2012-10-17\"}",
            "region": "eu-central-1",
            "replication_configuration": [],
            "request_payer": "BucketOwner",
            "server_side_encryption_configuration": [
              {
                "rule": [
                  {
                    "apply_server_side_encryption_by_default": [
                      {
                        "kms_master_key_id": "",
                        "sse_algorithm": "AES256"
                      }
                    ],
                    "bucket_key_enabled": false
                  }
                ]
              }
            ],
            "tags": {},
            "tags_all": {},
            "timeouts": null,
            "versioning": [
              {
                "enabled": false,
                "mfa_delete": false
              }
            ],
            "website": [],
            "website_domain": null,
            "website_endpoint": null
          },
          "sensitive_attributes": [],
          "private": "eyJlMmJmYjczMC1lY2FhLTExZTYtOGY4OC0zNDM2M2JjN2M0YzAiOnsiY3JlYXRlIjoxMjAwMDAwMDAwMDAwLCJkZWxldGUiOjM2MDAwMDAwMDAwMDAsInJlYWQiOjEyMDAwMDAwMDAwMDAsInVwZGF0ZSI6MTIwMDAwMDAwMDAwMH19"
        }
      ]
    },
    {
      "mode": "managed",
      "type": "aws_s3_bucket_policy",
      "name": "spiski_bucket_policy",
      "provider": "provider[\"registry.terraform.io/hashicorp/aws\"]",
      "instances": [
        {
          "schema_version": 0,
          "attributes": {
            "bucket": "spiski-bucket",
            "id": "spiski-bucket",
            "policy": "{\"Statement\":[{\"Action\":\"s3:*\",\"Effect\":\"Allow\",\"Principal\":{\"Service\":\"lambda.amazonaws.com\"},\"Resource\":[\"arn:aws:s3:::spiski-bucket\",\"arn:aws:s3:::spiski-bucket/*\"],\"Sid\":\"AllowAccessToSpiskiBucket\"}],\"Version\":\"2012-10-17\"}"
          },
          "sensitive_attributes": [],
          "private": "bnVsbA==",
          "dependencies": [
            "aws_s3_bucket.spiski_bucket"
          ]
        }
      ]
    },
    {
      "mode": "managed",
      "type": "null_resource",
      "name": "shell",
      "provider": "provider[\"registry.terraform.io/hashicorp/null\"]",
      "instances": [
        {
          "schema_version": 0,
          "attributes": {
            "id": "7181944250563187808",
            "triggers": null
          },
          "sensitive_attributes": []
        }
      ]
    }
  ],
  "check_results": null
}
